<Solution>
  <Folder Name="/src/" />
  <Folder Name="/src/AppHost/">
    <Project Path="src/AppHost/IntegratedProcurement.AppHost.Api.csproj" />
  </Folder>
  <Folder Name="/src/BuildingBlocks/" />
  <Folder Name="/src/BuildingBlocks/Application/">
    <Project Path="src/BuildingBlocks/Application/IntegratedProcurement.BuildingBlocks.Application.csproj" />
  </Folder>
  <Folder Name="/src/BuildingBlocks/Domain/">
    <Project Path="src/BuildingBlocks/Domain/IntegratedProcurement.BuildingBlocks.Domain.csproj" />
  </Folder>
  <Folder Name="/src/BuildingBlocks/Infrastructure/">
    <Project Path="src/BuildingBlocks/Infrastructure/IntegratedProcurement.BuildingBlocks.Infrastructure.csproj" />
  </Folder>
  <Folder Name="/src/Platform/" />
  <Folder Name="/src/Platform/Administration/" />
  <Folder Name="/src/Platform/Administration/Application/">
    <Project Path="src/Platform/Administration/Application/IntegratedProcurement.Platform.Administration.Application.csproj" />
  </Folder>
  <Folder Name="/src/Platform/Administration/Domain/">
    <Project Path="src/Platform/Administration/Domain/IntegratedProcurement.Platform.Administration.Domain.csproj" />
  </Folder>
  <Folder Name="/src/Platform/Administration/Infrastructure/">
    <Project Path="src/Platform/Administration/Infrastructure/IntegratedProcurement.Platform.Administration.Infrastructure.csproj" />
  </Folder>
  <Folder Name="/src/Platform/Audit/" />
  <Folder Name="/src/Platform/Audit/Application/">
    <Project Path="src/Platform/Audit/Application/IntegratedProcurement.Platform.Audit.Application.csproj" />
  </Folder>
  <Folder Name="/src/Platform/Audit/Domain/">
    <Project Path="src/Platform/Audit/Domain/IntegratedProcurement.Platform.Audit.Domain.csproj" />
  </Folder>
  <Folder Name="/src/Platform/Audit/Infrastructure/">
    <Project Path="src/Platform/Audit/Infrastructure/IntegratedProcurement.Platform.Audit.Infrastructure.csproj" />
  </Folder>
  <Folder Name="/src/Platform/Documents/" />
  <Folder Name="/src/Platform/Documents/Application/">
    <Project Path="src/Platform/Documents/Application/IntegratedProcurement.Platform.Documents.Application.csproj" />
  </Folder>
  <Folder Name="/src/Platform/Documents/Domain/">
    <Project Path="src/Platform/Documents/Domain/IntegratedProcurement.Platform.Documents.Domain.csproj" />
  </Folder>
  <Folder Name="/src/Platform/Documents/Infrastructure/">
    <Project Path="src/Platform/Documents/Infrastructure/IntegratedProcurement.Platform.Documents.Infrastructure.csproj" />
  </Folder>
  <Folder Name="/src/Platform/InternalIdentity/" />
  <Folder Name="/src/Platform/InternalIdentity/Application/">
    <Project Path="src/Platform/InternalIdentity/Application/IntegratedProcurement.Platform.InternalIdentity.Application.csproj" />
  </Folder>
  <Folder Name="/src/Platform/InternalIdentity/Domain/">
    <Project Path="src/Platform/InternalIdentity/Domain/IntegratedProcurement.Platform.InternalIdentity.Domain.csproj" />
  </Folder>
  <Folder Name="/src/Platform/InternalIdentity/Infrastructure/">
    <Project Path="src/Platform/InternalIdentity/Infrastructure/IntegratedProcurement.Platform.InternalIdentity.Infrastructure.csproj" />
  </Folder>
  <Folder Name="/src/Platform/Notifications/" />
  <Folder Name="/src/Platform/Notifications/Application/">
    <Project Path="src/Platform/Notifications/Application/IntegratedProcurement.Platform.Notifications.Application.csproj" />
  </Folder>
  <Folder Name="/src/Platform/Notifications/Domain/">
    <Project Path="src/Platform/Notifications/Domain/IntegratedProcurement.Platform.Notifications.Domain.csproj" />
  </Folder>
  <Folder Name="/src/Platform/Notifications/Infrastructure/">
    <Project Path="src/Platform/Notifications/Infrastructure/IntegratedProcurement.Platform.Notifications.Infrastructure.csproj" />
  </Folder>
  <Folder Name="/src/Platform/Persistence/">
    <Project Path="src/Platform/Persistence/IntegratedProcurement.Platform.Persistence.csproj" />
  </Folder>
  <Folder Name="/src/Platform/Settings/" />
  <Folder Name="/src/Platform/Settings/Application/">
    <Project Path="src/Platform/Settings/Application/IntegratedProcurement.Platform.Settings.Application.csproj" />
  </Folder>
  <Folder Name="/src/Platform/Settings/Domain/">
    <Project Path="src/Platform/Settings/Domain/IntegratedProcurement.Platform.Settings.Domain.csproj" />
  </Folder>
  <Folder Name="/src/Platform/Settings/Infrastructure/">
    <Project Path="src/Platform/Settings/Infrastructure/IntegratedProcurement.Platform.Settings.Infrastructure.csproj" />
  </Folder>
  <Folder Name="/tests/" />
  <Folder Name="/tests/AppHost/">
    <Project Path="tests/AppHost/IntegratedProcurement.AppHost.Api.IntegrationTests.csproj" />
  </Folder>
  <Folder Name="/tests/Architecture/">
    <Project Path="tests/Architecture/IntegratedProcurement.ArchitectureTests.csproj" />
  </Folder>
</Solution>
